
Microsoft Visual Studio Solution File, Format Version 12.00
# Visual Studio Version 16
VisualStudioVersion = 16.0.32228.343
MinimumVisualStudioVersion = 10.0.40219.1
Project("{9A19103F-16F7-4668-BE54-9A1E7A4F7556}") = "Entidades", "Entidades\Entidades.csproj", "{5CAF0B88-1E52-4DC9-9FA3-01F47064B3A7}"
EndProject
Project("{9A19103F-16F7-4668-BE54-9A1E7A4F7556}") = "WindowsForms", "WindowsForms\WindowsForms.csproj", "{C1A79EC6-3F88-498D-A942-F0448ACF9E79}"
EndProject
Project("{FAE04EC0-301F-11D3-BF4B-00C04F79EFBC}") = "Testeos", "Testeos\Testeos.csproj", "{893B3133-63F6-400A-B693-D7D269652636}"
EndProject
Global
	GlobalSection(SolutionConfigurationPlatforms) = preSolution
		Debug|Any CPU = Debug|Any CPU
		Release|Any CPU = Release|Any CPU
	EndGlobalSection
	GlobalSection(ProjectConfigurationPlatforms) = postSolution
		{5CAF0B88-1E52-4DC9-9FA3-01F47064B3A7}.Debug|Any CPU.ActiveCfg = Debug|Any CPU
		{5CAF0B88-1E52-4DC9-9FA3-01F47064B3A7}.Debug|Any CPU.Build.0 = Debug|Any CPU
		{5CAF0B88-1E52-4DC9-9FA3-01F47064B3A7}.Release|Any CPU.ActiveCfg = Release|Any CPU
		{5CAF0B88-1E52-4DC9-9FA3-01F47064B3A7}.Release|Any CPU.Build.0 = Release|Any CPU
		{C1A79EC6-3F88-498D-A942-F0448ACF9E79}.Debug|Any CPU.ActiveCfg = Debug|Any CPU
		{C1A79EC6-3F88-498D-A942-F0448ACF9E79}.Debug|Any CPU.Build.0 = Debug|Any CPU
		{C1A79EC6-3F88-498D-A942-F0448ACF9E79}.Release|Any CPU.ActiveCfg = Release|Any CPU
		{C1A79EC6-3F88-498D-A942-F0448ACF9E79}.Release|Any CPU.Build.0 = Release|Any CPU
		{893B3133-63F6-400A-B693-D7D269652636}.Debug|Any CPU.ActiveCfg = Debug|Any CPU
		{893B3133-63F6-400A-B693-D7D269652636}.Debug|Any CPU.Build.0 = Debug|Any CPU
		{893B3133-63F6-400A-B693-D7D269652636}.Release|Any CPU.ActiveCfg = Release|Any CPU
		{893B3133-63F6-400A-B693-D7D269652636}.Release|Any CPU.Build.0 = Release|Any CPU
	EndGlobalSection
	GlobalSection(SolutionProperties) = preSolution
		HideSolutionNode = FALSE
	EndGlobalSection
	GlobalSection(ExtensibilityGlobals) = postSolution
		SolutionGuid = {B7151A5E-B2F1-422B-B8B7-79DC60CE15AB}
	EndGlobalSection
EndGlobal
